schema: '2.0'
stages:
  prepare:
    cmd: python3 src/prepare.py
    deps:
    - path: annotattions-first-train-draft
      md5: 8f55e5941b3898654cad394952bcbaa5.dir
      size: 25903
      nfiles: 588
    - path: data_first_draft
      md5: f8e86aeae5709b21bd112f43934b037a.dir
      size: 7311988
      nfiles: 578
    - path: src/prepare.py
      hash: md5
      md5: afa6ddf001a4d29c4f393dac973f9794
      size: 5447
    - path: src/utils/cv_utils.py
      md5: 8c6983297f37f8baa60adc36477517b6
      size: 3575
    params:
      params.yaml:
        prepare.adjust_images_brightness_strategy: None
        prepare.gamma: 0.4
        prepare.percentile: 35
        prepare.seed: 4224
        prepare.test_proportion: 0.1
        prepare.train_proportion: 0.7
        prepare.validation_proportion: 0.2
    outs:
    - path: datasets
      hash: md5
      md5: 75cdd840858c2ac646a6ac51d28cf84e.dir
      size: 7334983
      nfiles: 1137
    - path: yolo-config.yaml
      md5: cad5a17e129b150451b06ad13a3c2cbb
      size: 256
  training:
    cmd: python3 src/train.py
    deps:
    - path: datasets
      hash: md5
      md5: 0c49ac289aa8698768c263a352a0c9f2.dir
      size: 7467180
      nfiles: 1139
    - path: src/train.py
      hash: md5
      md5: c0f60a677249180cb3773a7814146b40
      size: 1746
    - path: yolo-config.yaml
      md5: cad5a17e129b150451b06ad13a3c2cbb
      size: 256
    params:
      params.yaml:
        train.batch_size: 16
        train.directory_output: output
        train.epochs: 500
        train.image_size: 640
        train.init_lr: 0.0001
        train.optimizer: Adam
        train.patience: 25
        train.seed: 4224
    outs:
    - path: output/train
      hash: md5
      md5: 54f61b4972ac36253283c1e9bf83ccab.dir
      size: 18970169
      nfiles: 23
  testing:
    cmd: python3 src/test.py
    deps:
    - path: output/train/weights
      hash: md5
      md5: 7c4cf5e6b7e67963178832549dbcb097.dir
      size: 12585714
      nfiles: 2
    - path: src/test.py
      hash: md5
      md5: 85ef5111c1e96a57af815daa6f393038
      size: 1480
    - path: src/utils/plot_utils.py
      md5: fd3cce311a1ca889833460f7628aa505
      size: 490
    params:
      params.yaml:
        test.directory_output: output
    outs:
    - path: output/test
      hash: md5
      md5: aa924d50b245809f63acff34f720407f.dir
      size: 12548
      nfiles: 1
