schema: '2.0'
stages:
  prepare:
    cmd: python3 src/prepare.py
    deps:
    - path: annotattions-first-train-draft
      md5: 8f55e5941b3898654cad394952bcbaa5.dir
      size: 25903
      nfiles: 588
    - path: data_first_draft
      md5: f8e86aeae5709b21bd112f43934b037a.dir
      size: 7311988
      nfiles: 578
    - path: src/prepare.py
      md5: 80f912cafea362d61c63dd883ac77dfd
      size: 4273
    - path: src/utils/cv_utils.py
      md5: 8c6983297f37f8baa60adc36477517b6
      size: 3575
    params:
      params.yaml:
        prepare.adjust_images_brightness_strategy: Dark
        prepare.gamma: 0.4
        prepare.percentile: 25
        prepare.seed: 4224
        prepare.test_proportion: 0.1
        prepare.train_proportion: 0.7
        prepare.validation_proportion: 0.2
    outs:
    - path: datasets
      md5: 741786406c819a47ceb91724bd8484aa.dir
      size: 6845899
      nfiles: 1137
    - path: yolo-config.yaml
      md5: cad5a17e129b150451b06ad13a3c2cbb
      size: 256
      isexec: true
